
Microsoft Visual Studio Solution File, Format Version 12.00
# Visual Studio Version 17
VisualStudioVersion = 17.11.35312.102
MinimumVisualStudioVersion = 10.0.40219.1
Project("{FAE04EC0-301F-11D3-BF4B-00C04F79EFBC}") = "ImagePreview", "ImagePreview.csproj", "{72DA4568-0537-477A-B8E3-95D857F1854D}"
EndProject
Global
	GlobalSection(SolutionConfigurationPlatforms) = preSolution
		Debug|Any CPU = Debug|Any CPU
		Release|Any CPU = Release|Any CPU
	EndGlobalSection
	GlobalSection(ProjectConfigurationPlatforms) = postSolution
		{72DA4568-0537-477A-B8E3-95D857F1854D}.Debug|Any CPU.ActiveCfg = Debug|Any CPU
		{72DA4568-0537-477A-B8E3-95D857F1854D}.Debug|Any CPU.Build.0 = Debug|Any CPU
		{72DA4568-0537-477A-B8E3-95D857F1854D}.Release|Any CPU.ActiveCfg = Release|Any CPU
		{72DA4568-0537-477A-B8E3-95D857F1854D}.Release|Any CPU.Build.0 = Release|Any CPU
	EndGlobalSection
	GlobalSection(SolutionProperties) = preSolution
		HideSolutionNode = FALSE
	EndGlobalSection
	GlobalSection(ExtensibilityGlobals) = postSolution
		SolutionGuid = {C917066C-9211-45A1-B28C-F4C3F7B270F8}
	EndGlobalSection
EndGlobal
